<?xml version="1.0" encoding="utf-8"?>
<Project ToolsVersion="4.0" xmlns="http://schemas.microsoft.com/developer/msbuild/2003">
  <ItemGroup>
    <Filter Include="Interface">
      <UniqueIdentifier>{4bc24c8d-de05-4d92-9420-ecfb2e4f6ad3}</UniqueIdentifier>
    </Filter>
    <Filter Include="Object">
      <UniqueIdentifier>{67DA6AB6-F800-4c08-8B7A-83BB121AAD01}</UniqueIdentifier>
      <Extensions>rc;ico;cur;bmp;dlg;rc2;rct;bin;rgs;gif;jpg;jpeg;jpe;resx;tiff;tif;png;wav;mfcribbon-ms</Extensions>
    </Filter>
    <Filter Include="Component">
      <UniqueIdentifier>{4FC737F1-C7A5-4376-A066-2A32D752A2FF}</UniqueIdentifier>
      <Extensions>cpp;c;cc;cxx;c++;cppm;ixx;def;odl;idl;hpj;bat;asm;asmx</Extensions>
    </Filter>
    <Filter Include="PCH">
      <UniqueIdentifier>{b79cc71e-7ce7-4829-bec0-84a118389c5e}</UniqueIdentifier>
    </Filter>
    <Filter Include="Json">
      <UniqueIdentifier>{7f8618bf-8ba7-4e65-9249-385cb2d5a451}</UniqueIdentifier>
    </Filter>
  </ItemGroup>
  <ItemGroup>
    <ClInclude Include="IObject.h">
      <Filter>Interface</Filter>
    </ClInclude>
    <ClInclude Include="IComponent.h">
      <Filter>Interface</Filter>
    </ClInclude>
    <ClInclude Include="pch.h">
      <Filter>PCH</Filter>
    </ClInclude>
    <ClInclude Include="GameObject.h">
      <Filter>Object</Filter>
    </ClInclude>
    <ClInclude Include="framework.h">
      <Filter>PCH</Filter>
    </ClInclude>
    <ClInclude Include="ComponentBase.h">
      <Filter>Component</Filter>
    </ClInclude>
    <ClInclude Include="..\JsonSerializer\json\allocator.h">
      <Filter>Json</Filter>
    </ClInclude>
    <ClInclude Include="..\JsonSerializer\json\assertions.h">
      <Filter>Json</Filter>
    </ClInclude>
    <ClInclude Include="..\JsonSerializer\json\config.h">
      <Filter>Json</Filter>
    </ClInclude>
    <ClInclude Include="..\JsonSerializer\json\forwards.h">
      <Filter>Json</Filter>
    </ClInclude>
    <ClInclude Include="..\JsonSerializer\json\json.h">
      <Filter>Json</Filter>
    </ClInclude>
    <ClInclude Include="..\JsonSerializer\json\json_features.h">
      <Filter>Json</Filter>
    </ClInclude>
    <ClInclude Include="..\JsonSerializer\json\json_tool.h">
      <Filter>Json</Filter>
    </ClInclude>
    <ClInclude Include="..\JsonSerializer\json\reader.h">
      <Filter>Json</Filter>
    </ClInclude>
    <ClInclude Include="..\JsonSerializer\json\value.h">
      <Filter>Json</Filter>
    </ClInclude>
    <ClInclude Include="..\JsonSerializer\json\version.h">
      <Filter>Json</Filter>
    </ClInclude>
    <ClInclude Include="..\JsonSerializer\json\writer.h">
      <Filter>Json</Filter>
    </ClInclude>
  </ItemGroup>
  <ItemGroup>
    <ClCompile Include="ComponentBase.cpp">
      <Filter>Component</Filter>
    </ClCompile>
    <ClCompile Include="pch.cpp">
      <Filter>PCH</Filter>
    </ClCompile>
    <ClCompile Include="GameObject.cpp">
      <Filter>Object</Filter>
    </ClCompile>
    <ClCompile Include="..\JsonSerializer\json\json_reader.cpp">
      <Filter>Json</Filter>
    </ClCompile>
    <ClCompile Include="..\JsonSerializer\json\json_value.cpp">
      <Filter>Json</Filter>
    </ClCompile>
    <ClCompile Include="..\JsonSerializer\json\json_writer.cpp">
      <Filter>Json</Filter>
    </ClCompile>
  </ItemGroup>
  <ItemGroup>
    <Text Include="note.txt" />
  </ItemGroup>
  <ItemGroup>
    <None Include="..\JsonSerializer\json\json_valueiterator.inl">
      <Filter>Json</Filter>
    </None>
  </ItemGroup>
</Project>