
Microsoft Visual Studio Solution File, Format Version 12.00
# Visual Studio Version 16
VisualStudioVersion = 16.0.31205.134
MinimumVisualStudioVersion = 10.0.40219.1
Project("{8BC9CEB8-8B4A-11D0-8D11-00A0C91BC942}") = "Parser", "Parser\Parser.vcxproj", "{55BAEC02-9AC9-42F2-A00B-B7428A053EAD}"
EndProject
Global
	GlobalSection(SolutionConfigurationPlatforms) = preSolution
		Debug|x64 = Debug|x64
		Debug|x86 = Debug|x86
		Release|x64 = Release|x64
		Release|x86 = Release|x86
	EndGlobalSection
	GlobalSection(ProjectConfigurationPlatforms) = postSolution
		{55BAEC02-9AC9-42F2-A00B-B7428A053EAD}.Debug|x64.ActiveCfg = Debug|x64
		{55BAEC02-9AC9-42F2-A00B-B7428A053EAD}.Debug|x64.Build.0 = Debug|x64
		{55BAEC02-9AC9-42F2-A00B-B7428A053EAD}.Debug|x86.ActiveCfg = Debug|Win32
		{55BAEC02-9AC9-42F2-A00B-B7428A053EAD}.Debug|x86.Build.0 = Debug|Win32
		{55BAEC02-9AC9-42F2-A00B-B7428A053EAD}.Release|x64.ActiveCfg = Release|x64
		{55BAEC02-9AC9-42F2-A00B-B7428A053EAD}.Release|x64.Build.0 = Release|x64
		{55BAEC02-9AC9-42F2-A00B-B7428A053EAD}.Release|x86.ActiveCfg = Release|Win32
		{55BAEC02-9AC9-42F2-A00B-B7428A053EAD}.Release|x86.Build.0 = Release|Win32
	EndGlobalSection
	GlobalSection(SolutionProperties) = preSolution
		HideSolutionNode = FALSE
	EndGlobalSection
	GlobalSection(ExtensibilityGlobals) = postSolution
		SolutionGuid = {BAB0C7B2-64A8-4105-8B43-0534028D9103}
	EndGlobalSection
EndGlobal
