<?xml version="1.0" encoding="utf-8"?>
<Project ToolsVersion="4.0" xmlns="http://schemas.microsoft.com/developer/msbuild/2003">
  <ItemGroup>
    <Filter Include="소스 파일">
      <UniqueIdentifier>{4FC737F1-C7A5-4376-A066-2A32D752A2FF}</UniqueIdentifier>
      <Extensions>cpp;c;cc;cxx;c++;cppm;ixx;def;odl;idl;hpj;bat;asm;asmx</Extensions>
    </Filter>
    <Filter Include="리소스 파일">
      <UniqueIdentifier>{67DA6AB6-F800-4c08-8B7A-83BB121AAD01}</UniqueIdentifier>
      <Extensions>rc;ico;cur;bmp;dlg;rc2;rct;bin;rgs;gif;jpg;jpeg;jpe;resx;tiff;tif;png;wav;mfcribbon-ms</Extensions>
    </Filter>
    <Filter Include="SubSystem">
      <UniqueIdentifier>{f957b631-fcc9-403c-907c-1450b5b33817}</UniqueIdentifier>
    </Filter>
    <Filter Include="SubSystem\StringHelper">
      <UniqueIdentifier>{e3592352-96d4-43c0-9ad8-5063d29d9fdc}</UniqueIdentifier>
    </Filter>
    <Filter Include="SubSystem\DirectoryReader">
      <UniqueIdentifier>{f65ed900-be2c-487b-941d-3dff3692d64b}</UniqueIdentifier>
    </Filter>
    <Filter Include="SubSystem\StopWatch">
      <UniqueIdentifier>{97c7b9c0-47c2-49c8-b2ab-de76a2de5be6}</UniqueIdentifier>
    </Filter>
    <Filter Include="SubSystem\Error">
      <UniqueIdentifier>{d849247b-46ca-4e8d-906e-3b21369ba8d9}</UniqueIdentifier>
    </Filter>
  </ItemGroup>
  <ItemGroup>
    <ClInclude Include="framework.h">
      <Filter>소스 파일</Filter>
    </ClInclude>
    <ClInclude Include="pch.h">
      <Filter>소스 파일</Filter>
    </ClInclude>
    <ClInclude Include="..\Includes\DirectoryReader.h">
      <Filter>SubSystem\DirectoryReader</Filter>
    </ClInclude>
    <ClInclude Include="..\Includes\COMException.h">
      <Filter>SubSystem\Error</Filter>
    </ClInclude>
    <ClInclude Include="..\Includes\StopWatch.h">
      <Filter>SubSystem\StopWatch</Filter>
    </ClInclude>
    <ClInclude Include="..\Includes\StringHelper.h">
      <Filter>SubSystem\StringHelper</Filter>
    </ClInclude>
    <ClInclude Include="..\Includes\ErrorLogger.h">
      <Filter>SubSystem\Error</Filter>
    </ClInclude>
    <ClInclude Include="..\Includes\CATrace.h">
      <Filter>SubSystem</Filter>
    </ClInclude>
  </ItemGroup>
  <ItemGroup>
    <ClCompile Include="pch.cpp">
      <Filter>소스 파일</Filter>
    </ClCompile>
    <ClCompile Include="StringHelper.cpp">
      <Filter>SubSystem\StringHelper</Filter>
    </ClCompile>
    <ClCompile Include="DirectoryReader.cpp">
      <Filter>SubSystem\DirectoryReader</Filter>
    </ClCompile>
    <ClCompile Include="StopWatch.cpp">
      <Filter>SubSystem\StopWatch</Filter>
    </ClCompile>
    <ClCompile Include="COMException.cpp">
      <Filter>SubSystem\Error</Filter>
    </ClCompile>
    <ClCompile Include="ErrorLogger.cpp">
      <Filter>SubSystem\Error</Filter>
    </ClCompile>
  </ItemGroup>
</Project>